// !$*UTF8*$!
{
	archiveVersion = 1;
	classes = {
	};
	objectVersion = 56;
	objects = {

/* Begin PBXBuildFile section */
		1A7B87A9C331091A6779AD52 /* Pods_Test.framework in Frameworks */ = {isa = PBXBuildFile; fileRef = F29503F9F9D4228AD318EE55 /* Pods_Test.framework */; };
		BF0557AB290F1A4E0021DB7D /* Inspiration.swift in Sources */ = {isa = PBXBuildFile; fileRef = BF0557AA290F1A4E0021DB7D /* Inspiration.swift */; };
		BF1C17E129132C2F00697A95 /* BaseCoordinator.swift in Sources */ = {isa = PBXBuildFile; fileRef = BF1C17E029132C2F00697A95 /* BaseCoordinator.swift */; };
		BF49F451290DD206000FB908 /* Storyboardable.swift in Sources */ = {isa = PBXBuildFile; fileRef = BF49F450290DD206000FB908 /* Storyboardable.swift */; };
		BF49F453290DD439000FB908 /* UIColor+Extensions.swift in Sources */ = {isa = PBXBuildFile; fileRef = BF49F452290DD439000FB908 /* UIColor+Extensions.swift */; };
		BF49F457290DD83D000FB908 /* Inter-SemiBold.ttf in Resources */ = {isa = PBXBuildFile; fileRef = BF49F454290DD83D000FB908 /* Inter-SemiBold.ttf */; };
		BF49F458290DD83D000FB908 /* Inter-Regular.ttf in Resources */ = {isa = PBXBuildFile; fileRef = BF49F455290DD83D000FB908 /* Inter-Regular.ttf */; };
		BF49F459290DD83D000FB908 /* Inter-Bold.ttf in Resources */ = {isa = PBXBuildFile; fileRef = BF49F456290DD83D000FB908 /* Inter-Bold.ttf */; };
		BF7C8B9C291324F900A672BF /* Drawable.swift in Sources */ = {isa = PBXBuildFile; fileRef = BF7C8B9B291324F900A672BF /* Drawable.swift */; };
		BF7C8B9E2913253E00A672BF /* Routing.swift in Sources */ = {isa = PBXBuildFile; fileRef = BF7C8B9D2913253E00A672BF /* Routing.swift */; };
		BF7C8BA0291325B400A672BF /* Router.swift in Sources */ = {isa = PBXBuildFile; fileRef = BF7C8B9F291325B400A672BF /* Router.swift */; };
		BF95B4A9290C79F6006F26DA /* AppDelegate.swift in Sources */ = {isa = PBXBuildFile; fileRef = BF95B4A8290C79F6006F26DA /* AppDelegate.swift */; };
		BF95B4AD290C79F7006F26DA /* StartViewController.swift in Sources */ = {isa = PBXBuildFile; fileRef = BF95B4AC290C79F6006F26DA /* StartViewController.swift */; };
		BF95B4B0290C79F7006F26DA /* Main.storyboard in Resources */ = {isa = PBXBuildFile; fileRef = BF95B4AE290C79F7006F26DA /* Main.storyboard */; };
		BF95B4B2290C79F9006F26DA /* Assets.xcassets in Resources */ = {isa = PBXBuildFile; fileRef = BF95B4B1290C79F9006F26DA /* Assets.xcassets */; };
		BF95B4B5290C79F9006F26DA /* LaunchScreen.storyboard in Resources */ = {isa = PBXBuildFile; fileRef = BF95B4B3290C79F9006F26DA /* LaunchScreen.storyboard */; };
		BF95B4BD290C806F006F26DA /* Coordinator.swift in Sources */ = {isa = PBXBuildFile; fileRef = BF95B4BC290C806F006F26DA /* Coordinator.swift */; };
		BF95B4C1290C84D3006F26DA /* AppCoordinator.swift in Sources */ = {isa = PBXBuildFile; fileRef = BF95B4C0290C84D3006F26DA /* AppCoordinator.swift */; };
		BFDE5699290DDD4C00BC3FCF /* StartCoordinator.swift in Sources */ = {isa = PBXBuildFile; fileRef = BFDE5698290DDD4C00BC3FCF /* StartCoordinator.swift */; };
		BFDE569B290E7FE200BC3FCF /* InspirationCoordinator.swift in Sources */ = {isa = PBXBuildFile; fileRef = BFDE569A290E7FE200BC3FCF /* InspirationCoordinator.swift */; };
		BFDE569D290E800B00BC3FCF /* InspirationViewController.swift in Sources */ = {isa = PBXBuildFile; fileRef = BFDE569C290E800B00BC3FCF /* InspirationViewController.swift */; };
		BFDE56A0290F14C200BC3FCF /* InspirationCollectionViewCell.swift in Sources */ = {isa = PBXBuildFile; fileRef = BFDE569F290F14C200BC3FCF /* InspirationCollectionViewCell.swift */; };
		BFDE56A2290F153A00BC3FCF /* InspirationViewModel.swift in Sources */ = {isa = PBXBuildFile; fileRef = BFDE56A1290F153A00BC3FCF /* InspirationViewModel.swift */; };
		BFF35A452911E1B40039313B /* TimerViewController.swift in Sources */ = {isa = PBXBuildFile; fileRef = BFF35A442911E1B40039313B /* TimerViewController.swift */; };
		BFF35A472911E53E0039313B /* TimerCoordinator.swift in Sources */ = {isa = PBXBuildFile; fileRef = BFF35A462911E53E0039313B /* TimerCoordinator.swift */; };
		BFF35A492911E5A50039313B /* TimerViewModel.swift in Sources */ = {isa = PBXBuildFile; fileRef = BFF35A482911E5A50039313B /* TimerViewModel.swift */; };
		BFF35A4C2912EFC10039313B /* Test.xcdatamodeld in Sources */ = {isa = PBXBuildFile; fileRef = BFF35A4A2912EFC10039313B /* Test.xcdatamodeld */; };
		BFF35A4E2912F0C40039313B /* CoreDataManager.swift in Sources */ = {isa = PBXBuildFile; fileRef = BFF35A4D2912F0C40039313B /* CoreDataManager.swift */; };
		BFF35A51291304EC0039313B /* Defaults.swift in Sources */ = {isa = PBXBuildFile; fileRef = BFF35A50291304EC0039313B /* Defaults.swift */; };
/* End PBXBuildFile section */

/* Begin PBXFileReference section */
		55F54177C043F8F8CA686695 /* Pods-Test.release.xcconfig */ = {isa = PBXFileReference; includeInIndex = 1; lastKnownFileType = text.xcconfig; name = "Pods-Test.release.xcconfig"; path = "Target Support Files/Pods-Test/Pods-Test.release.xcconfig"; sourceTree = "<group>"; };
		BF0557AA290F1A4E0021DB7D /* Inspiration.swift */ = {isa = PBXFileReference; lastKnownFileType = sourcecode.swift; path = Inspiration.swift; sourceTree = "<group>"; };
		BF1C17E029132C2F00697A95 /* BaseCoordinator.swift */ = {isa = PBXFileReference; lastKnownFileType = sourcecode.swift; path = BaseCoordinator.swift; sourceTree = "<group>"; };
		BF49F450290DD206000FB908 /* Storyboardable.swift */ = {isa = PBXFileReference; lastKnownFileType = sourcecode.swift; path = Storyboardable.swift; sourceTree = "<group>"; };
		BF49F452290DD439000FB908 /* UIColor+Extensions.swift */ = {isa = PBXFileReference; lastKnownFileType = sourcecode.swift; path = "UIColor+Extensions.swift"; sourceTree = "<group>"; };
		BF49F454290DD83D000FB908 /* Inter-SemiBold.ttf */ = {isa = PBXFileReference; lastKnownFileType = file; path = "Inter-SemiBold.ttf"; sourceTree = "<group>"; };
		BF49F455290DD83D000FB908 /* Inter-Regular.ttf */ = {isa = PBXFileReference; lastKnownFileType = file; path = "Inter-Regular.ttf"; sourceTree = "<group>"; };
		BF49F456290DD83D000FB908 /* Inter-Bold.ttf */ = {isa = PBXFileReference; lastKnownFileType = file; path = "Inter-Bold.ttf"; sourceTree = "<group>"; };
		BF7C8B9B291324F900A672BF /* Drawable.swift */ = {isa = PBXFileReference; lastKnownFileType = sourcecode.swift; path = Drawable.swift; sourceTree = "<group>"; };
		BF7C8B9D2913253E00A672BF /* Routing.swift */ = {isa = PBXFileReference; lastKnownFileType = sourcecode.swift; path = Routing.swift; sourceTree = "<group>"; };
		BF7C8B9F291325B400A672BF /* Router.swift */ = {isa = PBXFileReference; lastKnownFileType = sourcecode.swift; path = Router.swift; sourceTree = "<group>"; };
		BF95B4A5290C79F6006F26DA /* Test.app */ = {isa = PBXFileReference; explicitFileType = wrapper.application; includeInIndex = 0; path = Test.app; sourceTree = BUILT_PRODUCTS_DIR; };
		BF95B4A8290C79F6006F26DA /* AppDelegate.swift */ = {isa = PBXFileReference; lastKnownFileType = sourcecode.swift; path = AppDelegate.swift; sourceTree = "<group>"; };
		BF95B4AC290C79F6006F26DA /* StartViewController.swift */ = {isa = PBXFileReference; lastKnownFileType = sourcecode.swift; path = StartViewController.swift; sourceTree = "<group>"; };
		BF95B4AF290C79F7006F26DA /* Base */ = {isa = PBXFileReference; lastKnownFileType = file.storyboard; name = Base; path = Base.lproj/Main.storyboard; sourceTree = "<group>"; };
		BF95B4B1290C79F9006F26DA /* Assets.xcassets */ = {isa = PBXFileReference; lastKnownFileType = folder.assetcatalog; path = Assets.xcassets; sourceTree = "<group>"; };
		BF95B4B4290C79F9006F26DA /* Base */ = {isa = PBXFileReference; lastKnownFileType = file.storyboard; name = Base; path = Base.lproj/LaunchScreen.storyboard; sourceTree = "<group>"; };
		BF95B4BC290C806F006F26DA /* Coordinator.swift */ = {isa = PBXFileReference; lastKnownFileType = sourcecode.swift; path = Coordinator.swift; sourceTree = "<group>"; };
		BF95B4C0290C84D3006F26DA /* AppCoordinator.swift */ = {isa = PBXFileReference; lastKnownFileType = sourcecode.swift; path = AppCoordinator.swift; sourceTree = "<group>"; };
		BFDE568F290DD97100BC3FCF /* Info.plist */ = {isa = PBXFileReference; lastKnownFileType = text.plist.xml; path = Info.plist; sourceTree = "<group>"; };
		BFDE5698290DDD4C00BC3FCF /* StartCoordinator.swift */ = {isa = PBXFileReference; lastKnownFileType = sourcecode.swift; path = StartCoordinator.swift; sourceTree = "<group>"; };
		BFDE569A290E7FE200BC3FCF /* InspirationCoordinator.swift */ = {isa = PBXFileReference; lastKnownFileType = sourcecode.swift; path = InspirationCoordinator.swift; sourceTree = "<group>"; };
		BFDE569C290E800B00BC3FCF /* InspirationViewController.swift */ = {isa = PBXFileReference; lastKnownFileType = sourcecode.swift; path = InspirationViewController.swift; sourceTree = "<group>"; };
		BFDE569F290F14C200BC3FCF /* InspirationCollectionViewCell.swift */ = {isa = PBXFileReference; lastKnownFileType = sourcecode.swift; path = InspirationCollectionViewCell.swift; sourceTree = "<group>"; };
		BFDE56A1290F153A00BC3FCF /* InspirationViewModel.swift */ = {isa = PBXFileReference; lastKnownFileType = sourcecode.swift; path = InspirationViewModel.swift; sourceTree = "<group>"; };
		BFF35A442911E1B40039313B /* TimerViewController.swift */ = {isa = PBXFileReference; lastKnownFileType = sourcecode.swift; path = TimerViewController.swift; sourceTree = "<group>"; };
		BFF35A462911E53E0039313B /* TimerCoordinator.swift */ = {isa = PBXFileReference; lastKnownFileType = sourcecode.swift; path = TimerCoordinator.swift; sourceTree = "<group>"; };
		BFF35A482911E5A50039313B /* TimerViewModel.swift */ = {isa = PBXFileReference; lastKnownFileType = sourcecode.swift; path = TimerViewModel.swift; sourceTree = "<group>"; };
		BFF35A4B2912EFC10039313B /* ScreenShown.xcdatamodel */ = {isa = PBXFileReference; lastKnownFileType = wrapper.xcdatamodel; path = ScreenShown.xcdatamodel; sourceTree = "<group>"; };
		BFF35A4D2912F0C40039313B /* CoreDataManager.swift */ = {isa = PBXFileReference; lastKnownFileType = sourcecode.swift; path = CoreDataManager.swift; sourceTree = "<group>"; };
		BFF35A50291304EC0039313B /* Defaults.swift */ = {isa = PBXFileReference; lastKnownFileType = sourcecode.swift; path = Defaults.swift; sourceTree = "<group>"; };
		C3BD8EEAEEEB095B24C40D4B /* Pods-Test.debug.xcconfig */ = {isa = PBXFileReference; includeInIndex = 1; lastKnownFileType = text.xcconfig; name = "Pods-Test.debug.xcconfig"; path = "Target Support Files/Pods-Test/Pods-Test.debug.xcconfig"; sourceTree = "<group>"; };
		F29503F9F9D4228AD318EE55 /* Pods_Test.framework */ = {isa = PBXFileReference; explicitFileType = wrapper.framework; includeInIndex = 0; path = Pods_Test.framework; sourceTree = BUILT_PRODUCTS_DIR; };
/* End PBXFileReference section */

/* Begin PBXFrameworksBuildPhase section */
		BF95B4A2290C79F6006F26DA /* Frameworks */ = {
			isa = PBXFrameworksBuildPhase;
			buildActionMask = 2147483647;
			files = (
				1A7B87A9C331091A6779AD52 /* Pods_Test.framework in Frameworks */,
			);
			runOnlyForDeploymentPostprocessing = 0;
		};
/* End PBXFrameworksBuildPhase section */

/* Begin PBXGroup section */
		4365C75795513F05F5671776 /* Pods */ = {
			isa = PBXGroup;
			children = (
				C3BD8EEAEEEB095B24C40D4B /* Pods-Test.debug.xcconfig */,
				55F54177C043F8F8CA686695 /* Pods-Test.release.xcconfig */,
			);
			path = Pods;
			sourceTree = "<group>";
		};
		6824FED1E8E4BDE3ABB57F28 /* Frameworks */ = {
			isa = PBXGroup;
			children = (
				F29503F9F9D4228AD318EE55 /* Pods_Test.framework */,
			);
			name = Frameworks;
			sourceTree = "<group>";
		};
		BF0557AC290F1A560021DB7D /* Models */ = {
			isa = PBXGroup;
			children = (
				BF0557AA290F1A4E0021DB7D /* Inspiration.swift */,
			);
			path = Models;
			sourceTree = "<group>";
		};
		BF49F45A290DD843000FB908 /* Fonts */ = {
			isa = PBXGroup;
			children = (
				BF49F456290DD83D000FB908 /* Inter-Bold.ttf */,
				BF49F455290DD83D000FB908 /* Inter-Regular.ttf */,
				BF49F454290DD83D000FB908 /* Inter-SemiBold.ttf */,
			);
			path = Fonts;
			sourceTree = "<group>";
		};
		BF7C8B9A2913233900A672BF /* Routers */ = {
			isa = PBXGroup;
			children = (
				BF7C8B9B291324F900A672BF /* Drawable.swift */,
				BF7C8B9D2913253E00A672BF /* Routing.swift */,
				BF7C8B9F291325B400A672BF /* Router.swift */,
			);
			path = Routers;
			sourceTree = "<group>";
		};
		BF95B49C290C79F6006F26DA = {
			isa = PBXGroup;
			children = (
				BF95B4A7290C79F6006F26DA /* Test */,
				BF95B4A6290C79F6006F26DA /* Products */,
				4365C75795513F05F5671776 /* Pods */,
				6824FED1E8E4BDE3ABB57F28 /* Frameworks */,
			);
			sourceTree = "<group>";
		};
		BF95B4A6290C79F6006F26DA /* Products */ = {
			isa = PBXGroup;
			children = (
				BF95B4A5290C79F6006F26DA /* Test.app */,
			);
			name = Products;
			sourceTree = "<group>";
		};
		BF95B4A7290C79F6006F26DA /* Test */ = {
			isa = PBXGroup;
			children = (
				BF95B4A8290C79F6006F26DA /* AppDelegate.swift */,
				BF7C8B9A2913233900A672BF /* Routers */,
				BFF35A4F2912F0C80039313B /* CoreData */,
				BFDE5690290DD9CE00BC3FCF /* Coordinators */,
				BFDE5695290DDD0300BC3FCF /* ViewModels */,
				BF0557AC290F1A560021DB7D /* Models */,
				BFDE5692290DD9E100BC3FCF /* ViewControllers */,
				BFDE569E290F14AD00BC3FCF /* Cells */,
				BFDE5691290DD9DB00BC3FCF /* Protocols */,
				BFDE5693290DD9EA00BC3FCF /* Helpers */,
				BFDE5694290DD9FD00BC3FCF /* Storyboards */,
				BF49F45A290DD843000FB908 /* Fonts */,
				BF95B4B1290C79F9006F26DA /* Assets.xcassets */,
				BFDE568F290DD97100BC3FCF /* Info.plist */,
			);
			path = Test;
			sourceTree = "<group>";
		};
		BFDE5690290DD9CE00BC3FCF /* Coordinators */ = {
			isa = PBXGroup;
			children = (
				BF95B4BC290C806F006F26DA /* Coordinator.swift */,
				BF95B4C0290C84D3006F26DA /* AppCoordinator.swift */,
				BFDE5698290DDD4C00BC3FCF /* StartCoordinator.swift */,
				BFDE569A290E7FE200BC3FCF /* InspirationCoordinator.swift */,
				BFF35A462911E53E0039313B /* TimerCoordinator.swift */,
				BF1C17E029132C2F00697A95 /* BaseCoordinator.swift */,
			);
			path = Coordinators;
			sourceTree = "<group>";
		};
		BFDE5691290DD9DB00BC3FCF /* Protocols */ = {
			isa = PBXGroup;
			children = (
				BF49F450290DD206000FB908 /* Storyboardable.swift */,
			);
			path = Protocols;
			sourceTree = "<group>";
		};
		BFDE5692290DD9E100BC3FCF /* ViewControllers */ = {
			isa = PBXGroup;
			children = (
				BF95B4AC290C79F6006F26DA /* StartViewController.swift */,
				BFDE569C290E800B00BC3FCF /* InspirationViewController.swift */,
				BFF35A442911E1B40039313B /* TimerViewController.swift */,
			);
			path = ViewControllers;
			sourceTree = "<group>";
		};
		BFDE5693290DD9EA00BC3FCF /* Helpers */ = {
			isa = PBXGroup;
			children = (
				BF49F452290DD439000FB908 /* UIColor+Extensions.swift */,
				BFF35A50291304EC0039313B /* Defaults.swift */,
			);
			path = Helpers;
			sourceTree = "<group>";
		};
		BFDE5694290DD9FD00BC3FCF /* Storyboards */ = {
			isa = PBXGroup;
			children = (
				BF95B4AE290C79F7006F26DA /* Main.storyboard */,
				BF95B4B3290C79F9006F26DA /* LaunchScreen.storyboard */,
			);
			path = Storyboards;
			sourceTree = "<group>";
		};
		BFDE5695290DDD0300BC3FCF /* ViewModels */ = {
			isa = PBXGroup;
			children = (
				BFDE56A1290F153A00BC3FCF /* InspirationViewModel.swift */,
				BFF35A482911E5A50039313B /* TimerViewModel.swift */,
			);
			path = ViewModels;
			sourceTree = "<group>";
		};
		BFDE569E290F14AD00BC3FCF /* Cells */ = {
			isa = PBXGroup;
			children = (
				BFDE569F290F14C200BC3FCF /* InspirationCollectionViewCell.swift */,
			);
			path = Cells;
			sourceTree = "<group>";
		};
		BFF35A4F2912F0C80039313B /* CoreData */ = {
			isa = PBXGroup;
			children = (
				BFF35A4A2912EFC10039313B /* Test.xcdatamodeld */,
				BFF35A4D2912F0C40039313B /* CoreDataManager.swift */,
			);
			path = CoreData;
			sourceTree = "<group>";
		};
/* End PBXGroup section */

/* Begin PBXNativeTarget section */
		BF95B4A4290C79F6006F26DA /* Test */ = {
			isa = PBXNativeTarget;
			buildConfigurationList = BF95B4B9290C79F9006F26DA /* Build configuration list for PBXNativeTarget "Test" */;
			buildPhases = (
				AFF2AB950161B7D222284030 /* [CP] Check Pods Manifest.lock */,
				BF95B4A1290C79F6006F26DA /* Sources */,
				BF95B4A2290C79F6006F26DA /* Frameworks */,
				BF95B4A3290C79F6006F26DA /* Resources */,
				D8C89463745A8C48553075D0 /* [CP] Embed Pods Frameworks */,
			);
			buildRules = (
			);
			dependencies = (
			);
			name = Test;
			productName = Test;
			productReference = BF95B4A5290C79F6006F26DA /* Test.app */;
			productType = "com.apple.product-type.application";
		};
/* End PBXNativeTarget section */

/* Begin PBXProject section */
		BF95B49D290C79F6006F26DA /* Project object */ = {
			isa = PBXProject;
			attributes = {
				BuildIndependentTargetsInParallel = 1;
				LastSwiftUpdateCheck = 1400;
				LastUpgradeCheck = 1400;
				TargetAttributes = {
					BF95B4A4290C79F6006F26DA = {
						CreatedOnToolsVersion = 14.0.1;
					};
				};
			};
			buildConfigurationList = BF95B4A0290C79F6006F26DA /* Build configuration list for PBXProject "Test" */;
			compatibilityVersion = "Xcode 14.0";
			developmentRegion = en;
			hasScannedForEncodings = 0;
			knownRegions = (
				en,
				Base,
			);
			mainGroup = BF95B49C290C79F6006F26DA;
			productRefGroup = BF95B4A6290C79F6006F26DA /* Products */;
			projectDirPath = "";
			projectRoot = "";
			targets = (
				BF95B4A4290C79F6006F26DA /* Test */,
			);
		};
/* End PBXProject section */

/* Begin PBXResourcesBuildPhase section */
		BF95B4A3290C79F6006F26DA /* Resources */ = {
			isa = PBXResourcesBuildPhase;
			buildActionMask = 2147483647;
			files = (
				BF49F459290DD83D000FB908 /* Inter-Bold.ttf in Resources */,
				BF49F457290DD83D000FB908 /* Inter-SemiBold.ttf in Resources */,
				BF49F458290DD83D000FB908 /* Inter-Regular.ttf in Resources */,
				BF95B4B5290C79F9006F26DA /* LaunchScreen.storyboard in Resources */,
				BF95B4B2290C79F9006F26DA /* Assets.xcassets in Resources */,
				BF95B4B0290C79F7006F26DA /* Main.storyboard in Resources */,
			);
			runOnlyForDeploymentPostprocessing = 0;
		};
/* End PBXResourcesBuildPhase section */

/* Begin PBXShellScriptBuildPhase section */
		AFF2AB950161B7D222284030 /* [CP] Check Pods Manifest.lock */ = {
			isa = PBXShellScriptBuildPhase;
			buildActionMask = 2147483647;
			files = (
			);
			inputFileListPaths = (
			);
			inputPaths = (
				"${PODS_PODFILE_DIR_PATH}/Podfile.lock",
				"${PODS_ROOT}/Manifest.lock",
			);
			name = "[CP] Check Pods Manifest.lock";
			outputFileListPaths = (
			);
			outputPaths = (
				"$(DERIVED_FILE_DIR)/Pods-Test-checkManifestLockResult.txt",
			);
			runOnlyForDeploymentPostprocessing = 0;
			shellPath = /bin/sh;
			shellScript = "diff \"${PODS_PODFILE_DIR_PATH}/Podfile.lock\" \"${PODS_ROOT}/Manifest.lock\" > /dev/null\nif [ $? != 0 ] ; then\n    # print error to STDERR\n    echo \"error: The sandbox is not in sync with the Podfile.lock. Run 'pod install' or update your CocoaPods installation.\" >&2\n    exit 1\nfi\n# This output is used by Xcode 'outputs' to avoid re-running this script phase.\necho \"SUCCESS\" > \"${SCRIPT_OUTPUT_FILE_0}\"\n";
			showEnvVarsInLog = 0;
		};
		D8C89463745A8C48553075D0 /* [CP] Embed Pods Frameworks */ = {
			isa = PBXShellScriptBuildPhase;
			buildActionMask = 2147483647;
			files = (
			);
			inputFileListPaths = (
				"${PODS_ROOT}/Target Support Files/Pods-Test/Pods-Test-frameworks-${CONFIGURATION}-input-files.xcfilelist",
			);
			name = "[CP] Embed Pods Frameworks";
			outputFileListPaths = (
				"${PODS_ROOT}/Target Support Files/Pods-Test/Pods-Test-frameworks-${CONFIGURATION}-output-files.xcfilelist",
			);
			runOnlyForDeploymentPostprocessing = 0;
			shellPath = /bin/sh;
			shellScript = "\"${PODS_ROOT}/Target Support Files/Pods-Test/Pods-Test-frameworks.sh\"\n";
			showEnvVarsInLog = 0;
		};
/* End PBXShellScriptBuildPhase section */

/* Begin PBXSourcesBuildPhase section */
		BF95B4A1290C79F6006F26DA /* Sources */ = {
			isa = PBXSourcesBuildPhase;
			buildActionMask = 2147483647;
			files = (
				BF0557AB290F1A4E0021DB7D /* Inspiration.swift in Sources */,
				BF95B4BD290C806F006F26DA /* Coordinator.swift in Sources */,
				BF7C8B9E2913253E00A672BF /* Routing.swift in Sources */,
				BF49F453290DD439000FB908 /* UIColor+Extensions.swift in Sources */,
				BFDE5699290DDD4C00BC3FCF /* StartCoordinator.swift in Sources */,
				BFF35A4E2912F0C40039313B /* CoreDataManager.swift in Sources */,
				BFF35A472911E53E0039313B /* TimerCoordinator.swift in Sources */,
				BFDE569B290E7FE200BC3FCF /* InspirationCoordinator.swift in Sources */,
				BF95B4AD290C79F7006F26DA /* StartViewController.swift in Sources */,
				BF1C17E129132C2F00697A95 /* BaseCoordinator.swift in Sources */,
				BFF35A492911E5A50039313B /* TimerViewModel.swift in Sources */,
				BF7C8BA0291325B400A672BF /* Router.swift in Sources */,
				BFF35A51291304EC0039313B /* Defaults.swift in Sources */,
				BFDE56A0290F14C200BC3FCF /* InspirationCollectionViewCell.swift in Sources */,
				BFDE569D290E800B00BC3FCF /* InspirationViewController.swift in Sources */,
				BFDE56A2290F153A00BC3FCF /* InspirationViewModel.swift in Sources */,
				BF95B4C1290C84D3006F26DA /* AppCoordinator.swift in Sources */,
				BFF35A452911E1B40039313B /* TimerViewController.swift in Sources */,
				BF7C8B9C291324F900A672BF /* Drawable.swift in Sources */,
				BF49F451290DD206000FB908 /* Storyboardable.swift in Sources */,
				BF95B4A9290C79F6006F26DA /* AppDelegate.swift in Sources */,
				BFF35A4C2912EFC10039313B /* Test.xcdatamodeld in Sources */,
			);
			runOnlyForDeploymentPostprocessing = 0;
		};
/* End PBXSourcesBuildPhase section */

/* Begin PBXVariantGroup section */
		BF95B4AE290C79F7006F26DA /* Main.storyboard */ = {
			isa = PBXVariantGroup;
			children = (
				BF95B4AF290C79F7006F26DA /* Base */,
			);
			name = Main.storyboard;
			sourceTree = "<group>";
		};
		BF95B4B3290C79F9006F26DA /* LaunchScreen.storyboard */ = {
			isa = PBXVariantGroup;
			children = (
				BF95B4B4290C79F9006F26DA /* Base */,
			);
			name = LaunchScreen.storyboard;
			sourceTree = "<group>";
		};
/* End PBXVariantGroup section */

/* Begin XCBuildConfiguration section */
		BF95B4B7290C79F9006F26DA /* Debug */ = {
			isa = XCBuildConfiguration;
			buildSettings = {
				ALWAYS_SEARCH_USER_PATHS = NO;
				CLANG_ANALYZER_NONNULL = YES;
				CLANG_ANALYZER_NUMBER_OBJECT_CONVERSION = YES_AGGRESSIVE;
				CLANG_CXX_LANGUAGE_STANDARD = "gnu++20";
				CLANG_ENABLE_MODULES = YES;
				CLANG_ENABLE_OBJC_ARC = YES;
				CLANG_ENABLE_OBJC_WEAK = YES;
				CLANG_WARN_BLOCK_CAPTURE_AUTORELEASING = YES;
				CLANG_WARN_BOOL_CONVERSION = YES;
				CLANG_WARN_COMMA = YES;
				CLANG_WARN_CONSTANT_CONVERSION = YES;
				CLANG_WARN_DEPRECATED_OBJC_IMPLEMENTATIONS = YES;
				CLANG_WARN_DIRECT_OBJC_ISA_USAGE = YES_ERROR;
				CLANG_WARN_DOCUMENTATION_COMMENTS = YES;
				CLANG_WARN_EMPTY_BODY = YES;
				CLANG_WARN_ENUM_CONVERSION = YES;
				CLANG_WARN_INFINITE_RECURSION = YES;
				CLANG_WARN_INT_CONVERSION = YES;
				CLANG_WARN_NON_LITERAL_NULL_CONVERSION = YES;
				CLANG_WARN_OBJC_IMPLICIT_RETAIN_SELF = YES;
				CLANG_WARN_OBJC_LITERAL_CONVERSION = YES;
				CLANG_WARN_OBJC_ROOT_CLASS = YES_ERROR;
				CLANG_WARN_QUOTED_INCLUDE_IN_FRAMEWORK_HEADER = YES;
				CLANG_WARN_RANGE_LOOP_ANALYSIS = YES;
				CLANG_WARN_STRICT_PROTOTYPES = YES;
				CLANG_WARN_SUSPICIOUS_MOVE = YES;
				CLANG_WARN_UNGUARDED_AVAILABILITY = YES_AGGRESSIVE;
				CLANG_WARN_UNREACHABLE_CODE = YES;
				CLANG_WARN__DUPLICATE_METHOD_MATCH = YES;
				COPY_PHASE_STRIP = NO;
				DEBUG_INFORMATION_FORMAT = dwarf;
				ENABLE_STRICT_OBJC_MSGSEND = YES;
				ENABLE_TESTABILITY = YES;
				GCC_C_LANGUAGE_STANDARD = gnu11;
				GCC_DYNAMIC_NO_PIC = NO;
				GCC_NO_COMMON_BLOCKS = YES;
				GCC_OPTIMIZATION_LEVEL = 0;
				GCC_PREPROCESSOR_DEFINITIONS = (
					"DEBUG=1",
					"$(inherited)",
				);
				GCC_WARN_64_TO_32_BIT_CONVERSION = YES;
				GCC_WARN_ABOUT_RETURN_TYPE = YES_ERROR;
				GCC_WARN_UNDECLARED_SELECTOR = YES;
				GCC_WARN_UNINITIALIZED_AUTOS = YES_AGGRESSIVE;
				GCC_WARN_UNUSED_FUNCTION = YES;
				GCC_WARN_UNUSED_VARIABLE = YES;
				IPHONEOS_DEPLOYMENT_TARGET = 16.0;
				MTL_ENABLE_DEBUG_INFO = INCLUDE_SOURCE;
				MTL_FAST_MATH = YES;
				ONLY_ACTIVE_ARCH = YES;
				SDKROOT = iphoneos;
				SWIFT_ACTIVE_COMPILATION_CONDITIONS = DEBUG;
				SWIFT_OPTIMIZATION_LEVEL = "-Onone";
			};
			name = Debug;
		};
		BF95B4B8290C79F9006F26DA /* Release */ = {
			isa = XCBuildConfiguration;
			buildSettings = {
				ALWAYS_SEARCH_USER_PATHS = NO;
				CLANG_ANALYZER_NONNULL = YES;
				CLANG_ANALYZER_NUMBER_OBJECT_CONVERSION = YES_AGGRESSIVE;
				CLANG_CXX_LANGUAGE_STANDARD = "gnu++20";
				CLANG_ENABLE_MODULES = YES;
				CLANG_ENABLE_OBJC_ARC = YES;
				CLANG_ENABLE_OBJC_WEAK = YES;
				CLANG_WARN_BLOCK_CAPTURE_AUTORELEASING = YES;
				CLANG_WARN_BOOL_CONVERSION = YES;
				CLANG_WARN_COMMA = YES;
				CLANG_WARN_CONSTANT_CONVERSION = YES;
				CLANG_WARN_DEPRECATED_OBJC_IMPLEMENTATIONS = YES;
				CLANG_WARN_DIRECT_OBJC_ISA_USAGE = YES_ERROR;
				CLANG_WARN_DOCUMENTATION_COMMENTS = YES;
				CLANG_WARN_EMPTY_BODY = YES;
				CLANG_WARN_ENUM_CONVERSION = YES;
				CLANG_WARN_INFINITE_RECURSION = YES;
				CLANG_WARN_INT_CONVERSION = YES;
				CLANG_WARN_NON_LITERAL_NULL_CONVERSION = YES;
				CLANG_WARN_OBJC_IMPLICIT_RETAIN_SELF = YES;
				CLANG_WARN_OBJC_LITERAL_CONVERSION = YES;
				CLANG_WARN_OBJC_ROOT_CLASS = YES_ERROR;
				CLANG_WARN_QUOTED_INCLUDE_IN_FRAMEWORK_HEADER = YES;
				CLANG_WARN_RANGE_LOOP_ANALYSIS = YES;
				CLANG_WARN_STRICT_PROTOTYPES = YES;
				CLANG_WARN_SUSPICIOUS_MOVE = YES;
				CLANG_WARN_UNGUARDED_AVAILABILITY = YES_AGGRESSIVE;
				CLANG_WARN_UNREACHABLE_CODE = YES;
				CLANG_WARN__DUPLICATE_METHOD_MATCH = YES;
				COPY_PHASE_STRIP = NO;
				DEBUG_INFORMATION_FORMAT = "dwarf-with-dsym";
				ENABLE_NS_ASSERTIONS = NO;
				ENABLE_STRICT_OBJC_MSGSEND = YES;
				GCC_C_LANGUAGE_STANDARD = gnu11;
				GCC_NO_COMMON_BLOCKS = YES;
				GCC_WARN_64_TO_32_BIT_CONVERSION = YES;
				GCC_WARN_ABOUT_RETURN_TYPE = YES_ERROR;
				GCC_WARN_UNDECLARED_SELECTOR = YES;
				GCC_WARN_UNINITIALIZED_AUTOS = YES_AGGRESSIVE;
				GCC_WARN_UNUSED_FUNCTION = YES;
				GCC_WARN_UNUSED_VARIABLE = YES;
				IPHONEOS_DEPLOYMENT_TARGET = 16.0;
				MTL_ENABLE_DEBUG_INFO = NO;
				MTL_FAST_MATH = YES;
				SDKROOT = iphoneos;
				SWIFT_COMPILATION_MODE = wholemodule;
				SWIFT_OPTIMIZATION_LEVEL = "-O";
				VALIDATE_PRODUCT = YES;
			};
			name = Release;
		};
		BF95B4BA290C79F9006F26DA /* Debug */ = {
			isa = XCBuildConfiguration;
			baseConfigurationReference = C3BD8EEAEEEB095B24C40D4B /* Pods-Test.debug.xcconfig */;
			buildSettings = {
				ASSETCATALOG_COMPILER_APPICON_NAME = AppIcon;
				ASSETCATALOG_COMPILER_GLOBAL_ACCENT_COLOR_NAME = AccentColor;
				CODE_SIGN_STYLE = Automatic;
				CURRENT_PROJECT_VERSION = 1;
				DEVELOPMENT_TEAM = 9VD63Y2NJT;
				GENERATE_INFOPLIST_FILE = YES;
				INFOPLIST_FILE = Test/Info.plist;
				INFOPLIST_KEY_UIApplicationSupportsIndirectInputEvents = YES;
				INFOPLIST_KEY_UILaunchStoryboardName = LaunchScreen;
				INFOPLIST_KEY_UISupportedInterfaceOrientations = UIInterfaceOrientationPortrait;
				INFOPLIST_KEY_UISupportedInterfaceOrientations_iPad = "UIInterfaceOrientationPortrait UIInterfaceOrientationPortraitUpsideDown";
				LD_RUNPATH_SEARCH_PATHS = (
					"$(inherited)",
					"@executable_path/Frameworks",
				);
				MARKETING_VERSION = 1.0;
				PRODUCT_BUNDLE_IDENTIFIER = com.andriiperm.Test;
				PRODUCT_NAME = "$(TARGET_NAME)";
				SUPPORTED_PLATFORMS = "iphoneos iphonesimulator";
				SUPPORTS_MACCATALYST = NO;
				SUPPORTS_MAC_DESIGNED_FOR_IPHONE_IPAD = NO;
				SWIFT_EMIT_LOC_STRINGS = YES;
				SWIFT_VERSION = 5.0;
				TARGETED_DEVICE_FAMILY = 1;
			};
			name = Debug;
		};
		BF95B4BB290C79F9006F26DA /* Release */ = {
			isa = XCBuildConfiguration;
			baseConfigurationReference = 55F54177C043F8F8CA686695 /* Pods-Test.release.xcconfig */;
			buildSettings = {
				ASSETCATALOG_COMPILER_APPICON_NAME = AppIcon;
				ASSETCATALOG_COMPILER_GLOBAL_ACCENT_COLOR_NAME = AccentColor;
				CODE_SIGN_STYLE = Automatic;
				CURRENT_PROJECT_VERSION = 1;
				DEVELOPMENT_TEAM = 9VD63Y2NJT;
				GENERATE_INFOPLIST_FILE = YES;
				INFOPLIST_FILE = Test/Info.plist;
				INFOPLIST_KEY_UIApplicationSupportsIndirectInputEvents = YES;
				INFOPLIST_KEY_UILaunchStoryboardName = LaunchScreen;
				INFOPLIST_KEY_UISupportedInterfaceOrientations = UIInterfaceOrientationPortrait;
				INFOPLIST_KEY_UISupportedInterfaceOrientations_iPad = "UIInterfaceOrientationPortrait UIInterfaceOrientationPortraitUpsideDown";
				LD_RUNPATH_SEARCH_PATHS = (
					"$(inherited)",
					"@executable_path/Frameworks",
				);
				MARKETING_VERSION = 1.0;
				PRODUCT_BUNDLE_IDENTIFIER = com.andriiperm.Test;
				PRODUCT_NAME = "$(TARGET_NAME)";
				SUPPORTED_PLATFORMS = "iphoneos iphonesimulator";
				SUPPORTS_MACCATALYST = NO;
				SUPPORTS_MAC_DESIGNED_FOR_IPHONE_IPAD = NO;
				SWIFT_EMIT_LOC_STRINGS = YES;
				SWIFT_VERSION = 5.0;
				TARGETED_DEVICE_FAMILY = 1;
			};
			name = Release;
		};
/* End XCBuildConfiguration section */

/* Begin XCConfigurationList section */
		BF95B4A0290C79F6006F26DA /* Build configuration list for PBXProject "Test" */ = {
			isa = XCConfigurationList;
			buildConfigurations = (
				BF95B4B7290C79F9006F26DA /* Debug */,
				BF95B4B8290C79F9006F26DA /* Release */,
			);
			defaultConfigurationIsVisible = 0;
			defaultConfigurationName = Release;
		};
		BF95B4B9290C79F9006F26DA /* Build configuration list for PBXNativeTarget "Test" */ = {
			isa = XCConfigurationList;
			buildConfigurations = (
				BF95B4BA290C79F9006F26DA /* Debug */,
				BF95B4BB290C79F9006F26DA /* Release */,
			);
			defaultConfigurationIsVisible = 0;
			defaultConfigurationName = Release;
		};
/* End XCConfigurationList section */

/* Begin XCVersionGroup section */
		BFF35A4A2912EFC10039313B /* Test.xcdatamodeld */ = {
			isa = XCVersionGroup;
			children = (
				BFF35A4B2912EFC10039313B /* ScreenShown.xcdatamodel */,
			);
			currentVersion = BFF35A4B2912EFC10039313B /* ScreenShown.xcdatamodel */;
			path = Test.xcdatamodeld;
			sourceTree = "<group>";
			versionGroupType = wrapper.xcdatamodel;
		};
/* End XCVersionGroup section */
	};
	rootObject = BF95B49D290C79F6006F26DA /* Project object */;
}
